
Microsoft Visual Studio Solution File, Format Version 12.00
# Visual Studio Version 16
VisualStudioVersion = 16.0.31402.337
MinimumVisualStudioVersion = 10.0.40219.1
Project("{FAE04EC0-301F-11D3-BF4B-00C04F79EFBC}") = "web_dien_lanh", "web_dien_lanh.csproj", "{65E73153-EC7F-4065-852D-370C24A9DFBD}"
EndProject
Global
	GlobalSection(SolutionConfigurationPlatforms) = preSolution
		Debug|Any CPU = Debug|Any CPU
		Release|Any CPU = Release|Any CPU
	EndGlobalSection
	GlobalSection(ProjectConfigurationPlatforms) = postSolution
		{65E73153-EC7F-4065-852D-370C24A9DFBD}.Debug|Any CPU.ActiveCfg = Debug|Any CPU
		{65E73153-EC7F-4065-852D-370C24A9DFBD}.Debug|Any CPU.Build.0 = Debug|Any CPU
		{65E73153-EC7F-4065-852D-370C24A9DFBD}.Release|Any CPU.ActiveCfg = Release|Any CPU
		{65E73153-EC7F-4065-852D-370C24A9DFBD}.Release|Any CPU.Build.0 = Release|Any CPU
	EndGlobalSection
	GlobalSection(SolutionProperties) = preSolution
		HideSolutionNode = FALSE
	EndGlobalSection
	GlobalSection(ExtensibilityGlobals) = postSolution
		SolutionGuid = {1464D6D7-99EA-4A53-A30F-A40413375F2A}
	EndGlobalSection
EndGlobal
